
Microsoft Visual Studio Solution File, Format Version 12.00
# Visual Studio Version 17
VisualStudioVersion = 17.2.32630.192
MinimumVisualStudioVersion = 10.0.40219.1
Project("{FAE04EC0-301F-11D3-BF4B-00C04F79EFBC}") = "FilmesAPI", "FilmesAPI\FilmesAPI.csproj", "{E1AA84E2-A448-4182-A865-11D7C702513B}"
EndProject
Global
	GlobalSection(SolutionConfigurationPlatforms) = preSolution
		Debug|Any CPU = Debug|Any CPU
		Release|Any CPU = Release|Any CPU
	EndGlobalSection
	GlobalSection(ProjectConfigurationPlatforms) = postSolution
		{E1AA84E2-A448-4182-A865-11D7C702513B}.Debug|Any CPU.ActiveCfg = Debug|Any CPU
		{E1AA84E2-A448-4182-A865-11D7C702513B}.Debug|Any CPU.Build.0 = Debug|Any CPU
		{E1AA84E2-A448-4182-A865-11D7C702513B}.Release|Any CPU.ActiveCfg = Release|Any CPU
		{E1AA84E2-A448-4182-A865-11D7C702513B}.Release|Any CPU.Build.0 = Release|Any CPU
	EndGlobalSection
	GlobalSection(SolutionProperties) = preSolution
		HideSolutionNode = FALSE
	EndGlobalSection
	GlobalSection(ExtensibilityGlobals) = postSolution
		SolutionGuid = {972B3C09-F2EA-4EE5-B8AD-95D7F66A4776}
	EndGlobalSection
EndGlobal
